
Microsoft Visual Studio Solution File, Format Version 12.00
# Visual Studio 15
VisualStudioVersion = 15.0.27428.2027
MinimumVisualStudioVersion = 10.0.40219.1
Project("{9A19103F-16F7-4668-BE54-9A1E7A4F7556}") = "Bojo Frontend", "Bojo Frontend\Bojo Frontend.csproj", "{8AFE4297-00EA-4A99-9396-16B64BAFB5A0}"
EndProject
Global
	GlobalSection(SolutionConfigurationPlatforms) = preSolution
		Debug|Any CPU = Debug|Any CPU
		Release|Any CPU = Release|Any CPU
	EndGlobalSection
	GlobalSection(ProjectConfigurationPlatforms) = postSolution
		{8AFE4297-00EA-4A99-9396-16B64BAFB5A0}.Debug|Any CPU.ActiveCfg = Debug|Any CPU
		{8AFE4297-00EA-4A99-9396-16B64BAFB5A0}.Debug|Any CPU.Build.0 = Debug|Any CPU
		{8AFE4297-00EA-4A99-9396-16B64BAFB5A0}.Release|Any CPU.ActiveCfg = Release|Any CPU
		{8AFE4297-00EA-4A99-9396-16B64BAFB5A0}.Release|Any CPU.Build.0 = Release|Any CPU
	EndGlobalSection
	GlobalSection(SolutionProperties) = preSolution
		HideSolutionNode = FALSE
	EndGlobalSection
	GlobalSection(ExtensibilityGlobals) = postSolution
		SolutionGuid = {FDFC0A85-EB8C-4C32-89BF-C56F88F5AE60}
	EndGlobalSection
EndGlobal
